{
  "version": 4,
  "terraform_version": "1.2.9",
  "serial": 1,
  "lineage": "aaccdb0f-875b-654b-e0d6-7b723c485cc1",
  "outputs": {},
  "resources": [
    {
      "mode": "managed",
      "type": "aws_s3_bucket",
      "name": "first_bucket",
      "provider": "provider[\"registry.terraform.io/hashicorp/aws\"]",
      "instances": [
        {
          "schema_version": 0,
          "attributes": {
            "acceleration_status": "",
            "acl": "private",
            "arn": "arn:aws:s3:::curso-terraform-gianhaack",
            "bucket": "curso-terraform-gianhaack",
            "bucket_domain_name": "curso-terraform-gianhaack.s3.amazonaws.com",
            "bucket_prefix": null,
            "bucket_regional_domain_name": "curso-terraform-gianhaack.s3.sa-east-1.amazonaws.com",
            "cors_rule": [],
            "force_destroy": false,
            "grant": [],
            "hosted_zone_id": "Z7KQH4QJS55SO",
            "id": "curso-terraform-gianhaack",
            "lifecycle_rule": [],
            "logging": [],
            "object_lock_configuration": [],
            "policy": null,
            "region": "sa-east-1",
            "replication_configuration": [],
            "request_payer": "BucketOwner",
            "server_side_encryption_configuration": [],
            "tags": null,
            "tags_all": {
              "managed-by": "terraform",
              "owner": "gianhaack"
            },
            "versioning": [
              {
                "enabled": false,
                "mfa_delete": false
              }
            ],
            "website": [],
            "website_domain": null,
            "website_endpoint": null
          },
          "sensitive_attributes": [],
          "private": "bnVsbA=="
        }
      ]
    }
  ]
}
